
Microsoft Visual Studio Solution File, Format Version 12.00
# Visual Studio Version 16
VisualStudioVersion = 16.0.29613.14
MinimumVisualStudioVersion = 10.0.40219.1
Project("{FAE04EC0-301F-11D3-BF4B-00C04F79EFBC}") = "Artify", "Artify\Artify.csproj", "{EF61E6EE-1A29-4641-97CA-B3D74CEC2AD8}"
EndProject
Project("{FAE04EC0-301F-11D3-BF4B-00C04F79EFBC}") = "ArtAPI", "ArtAPI\ArtAPI.csproj", "{F9335D92-BE5D-4361-8EF8-C29C75F462C5}"
EndProject
Global
	GlobalSection(SolutionConfigurationPlatforms) = preSolution
		Debug|Any CPU = Debug|Any CPU
		Release|Any CPU = Release|Any CPU
	EndGlobalSection
	GlobalSection(ProjectConfigurationPlatforms) = postSolution
		{EF61E6EE-1A29-4641-97CA-B3D74CEC2AD8}.Debug|Any CPU.ActiveCfg = Debug|Any CPU
		{EF61E6EE-1A29-4641-97CA-B3D74CEC2AD8}.Debug|Any CPU.Build.0 = Debug|Any CPU
		{EF61E6EE-1A29-4641-97CA-B3D74CEC2AD8}.Release|Any CPU.ActiveCfg = Release|Any CPU
		{EF61E6EE-1A29-4641-97CA-B3D74CEC2AD8}.Release|Any CPU.Build.0 = Release|Any CPU
		{F9335D92-BE5D-4361-8EF8-C29C75F462C5}.Debug|Any CPU.ActiveCfg = Debug|Any CPU
		{F9335D92-BE5D-4361-8EF8-C29C75F462C5}.Debug|Any CPU.Build.0 = Debug|Any CPU
		{F9335D92-BE5D-4361-8EF8-C29C75F462C5}.Release|Any CPU.ActiveCfg = Release|Any CPU
		{F9335D92-BE5D-4361-8EF8-C29C75F462C5}.Release|Any CPU.Build.0 = Release|Any CPU
	EndGlobalSection
	GlobalSection(SolutionProperties) = preSolution
		HideSolutionNode = FALSE
	EndGlobalSection
	GlobalSection(ExtensibilityGlobals) = postSolution
		SolutionGuid = {8FBFAF7A-6172-46BE-B085-4AF983490FC2}
	EndGlobalSection
EndGlobal
